
Microsoft Visual Studio Solution File, Format Version 12.00
# Visual Studio 15
VisualStudioVersion = 15.0.28307.489
MinimumVisualStudioVersion = 10.0.40219.1
Project("{FAE04EC0-301F-11D3-BF4B-00C04F79EFBC}") = "TourCompany.Model", "TourCompany.Model\TourCompany.Model.csproj", "{B7B7D12F-4ADE-47F5-AFA3-AAB5D08AECE4}"
EndProject
Project("{FAE04EC0-301F-11D3-BF4B-00C04F79EFBC}") = "TourCompany.DAL", "TourCompany.DAL\TourCompany.DAL.csproj", "{A3604740-0DEC-4BB4-AC10-E34EF064A3D7}"
EndProject
Project("{FAE04EC0-301F-11D3-BF4B-00C04F79EFBC}") = "TourCompany.BLL", "TourCompany.BLL\TourCompany.BLL.csproj", "{374600F1-D806-421D-A3F7-95F3DBE04621}"
EndProject
Project("{FAE04EC0-301F-11D3-BF4B-00C04F79EFBC}") = "TourCompanyDTO", "TourCompanyDTO\TourCompanyDTO.csproj", "{6BDCE562-466F-4A38-8ABB-42BE22855107}"
EndProject
Project("{FAE04EC0-301F-11D3-BF4B-00C04F79EFBC}") = "TourCompany.UI.Windowsforms", "TourCompany.UI.Windowsforms\TourCompany.UI.Windowsforms.csproj", "{B0EFE845-8F6E-4F44-BEC8-EAC404760C8B}"
EndProject
Project("{FAE04EC0-301F-11D3-BF4B-00C04F79EFBC}") = "TourCompany.CustomException", "TourCompany.CustomException\TourCompany.CustomException.csproj", "{B4FCB79B-17AC-4D71-8E83-8716E3323866}"
EndProject
Global
	GlobalSection(SolutionConfigurationPlatforms) = preSolution
		Debug|Any CPU = Debug|Any CPU
		Release|Any CPU = Release|Any CPU
	EndGlobalSection
	GlobalSection(ProjectConfigurationPlatforms) = postSolution
		{B7B7D12F-4ADE-47F5-AFA3-AAB5D08AECE4}.Debug|Any CPU.ActiveCfg = Debug|Any CPU
		{B7B7D12F-4ADE-47F5-AFA3-AAB5D08AECE4}.Debug|Any CPU.Build.0 = Debug|Any CPU
		{B7B7D12F-4ADE-47F5-AFA3-AAB5D08AECE4}.Release|Any CPU.ActiveCfg = Release|Any CPU
		{B7B7D12F-4ADE-47F5-AFA3-AAB5D08AECE4}.Release|Any CPU.Build.0 = Release|Any CPU
		{A3604740-0DEC-4BB4-AC10-E34EF064A3D7}.Debug|Any CPU.ActiveCfg = Debug|Any CPU
		{A3604740-0DEC-4BB4-AC10-E34EF064A3D7}.Debug|Any CPU.Build.0 = Debug|Any CPU
		{A3604740-0DEC-4BB4-AC10-E34EF064A3D7}.Release|Any CPU.ActiveCfg = Release|Any CPU
		{A3604740-0DEC-4BB4-AC10-E34EF064A3D7}.Release|Any CPU.Build.0 = Release|Any CPU
		{374600F1-D806-421D-A3F7-95F3DBE04621}.Debug|Any CPU.ActiveCfg = Debug|Any CPU
		{374600F1-D806-421D-A3F7-95F3DBE04621}.Debug|Any CPU.Build.0 = Debug|Any CPU
		{374600F1-D806-421D-A3F7-95F3DBE04621}.Release|Any CPU.ActiveCfg = Release|Any CPU
		{374600F1-D806-421D-A3F7-95F3DBE04621}.Release|Any CPU.Build.0 = Release|Any CPU
		{6BDCE562-466F-4A38-8ABB-42BE22855107}.Debug|Any CPU.ActiveCfg = Debug|Any CPU
		{6BDCE562-466F-4A38-8ABB-42BE22855107}.Debug|Any CPU.Build.0 = Debug|Any CPU
		{6BDCE562-466F-4A38-8ABB-42BE22855107}.Release|Any CPU.ActiveCfg = Release|Any CPU
		{6BDCE562-466F-4A38-8ABB-42BE22855107}.Release|Any CPU.Build.0 = Release|Any CPU
		{B0EFE845-8F6E-4F44-BEC8-EAC404760C8B}.Debug|Any CPU.ActiveCfg = Debug|Any CPU
		{B0EFE845-8F6E-4F44-BEC8-EAC404760C8B}.Debug|Any CPU.Build.0 = Debug|Any CPU
		{B0EFE845-8F6E-4F44-BEC8-EAC404760C8B}.Release|Any CPU.ActiveCfg = Release|Any CPU
		{B0EFE845-8F6E-4F44-BEC8-EAC404760C8B}.Release|Any CPU.Build.0 = Release|Any CPU
		{B4FCB79B-17AC-4D71-8E83-8716E3323866}.Debug|Any CPU.ActiveCfg = Debug|Any CPU
		{B4FCB79B-17AC-4D71-8E83-8716E3323866}.Debug|Any CPU.Build.0 = Debug|Any CPU
		{B4FCB79B-17AC-4D71-8E83-8716E3323866}.Release|Any CPU.ActiveCfg = Release|Any CPU
		{B4FCB79B-17AC-4D71-8E83-8716E3323866}.Release|Any CPU.Build.0 = Release|Any CPU
	EndGlobalSection
	GlobalSection(SolutionProperties) = preSolution
		HideSolutionNode = FALSE
	EndGlobalSection
	GlobalSection(ExtensibilityGlobals) = postSolution
		SolutionGuid = {468FBD4F-65AA-4F92-9D85-03F3077E7BE1}
	EndGlobalSection
EndGlobal
